// !$*UTF8*$!
{
	archiveVersion = 1;
	classes = {
	};
	objectVersion = 46;
	objects = {

/* Begin PBXBuildFile section */
		0750DE3817961F88001DD5E8 /* UIKit.framework in Frameworks */ = {isa = PBXBuildFile; fileRef = 0750DE3717961F88001DD5E8 /* UIKit.framework */; };
		0750DE3A17961F88001DD5E8 /* Foundation.framework in Frameworks */ = {isa = PBXBuildFile; fileRef = 0750DE3917961F88001DD5E8 /* Foundation.framework */; };
		0750DE3C17961F88001DD5E8 /* CoreGraphics.framework in Frameworks */ = {isa = PBXBuildFile; fileRef = 0750DE3B17961F88001DD5E8 /* CoreGraphics.framework */; };
		0750DE4217961F88001DD5E8 /* InfoPlist.strings in Resources */ = {isa = PBXBuildFile; fileRef = 0750DE4017961F88001DD5E8 /* InfoPlist.strings */; };
		0750DE4417961F88001DD5E8 /* main.m in Sources */ = {isa = PBXBuildFile; fileRef = 0750DE4317961F88001DD5E8 /* main.m */; };
		0750DE4817961F88001DD5E8 /* AppDelegate.m in Sources */ = {isa = PBXBuildFile; fileRef = 0750DE4717961F88001DD5E8 /* AppDelegate.m */; };
		0750DE4A17961F88001DD5E8 /* Default.png in Resources */ = {isa = PBXBuildFile; fileRef = 0750DE4917961F88001DD5E8 /* Default.png */; };
		0750DE4C17961F88001DD5E8 /* Default@2x.png in Resources */ = {isa = PBXBuildFile; fileRef = 0750DE4B17961F88001DD5E8 /* Default@2x.png */; };
		0750DE4E17961F88001DD5E8 /* Default-568h@2x.png in Resources */ = {isa = PBXBuildFile; fileRef = 0750DE4D17961F88001DD5E8 /* Default-568h@2x.png */; };
		0750DE5717961FB7001DD5E8 /* MainViewController.m in Sources */ = {isa = PBXBuildFile; fileRef = 0750DE5517961FB7001DD5E8 /* MainViewController.m */; };
		0750DE5817961FB7001DD5E8 /* MainViewController.xib in Resources */ = {isa = PBXBuildFile; fileRef = 0750DE5617961FB7001DD5E8 /* MainViewController.xib */; };
		0750DE60179626A5001DD5E8 /* dropdown.png in Resources */ = {isa = PBXBuildFile; fileRef = 0750DE5F179626A5001DD5E8 /* dropdown.png */; };
		0750DE6217963905001DD5E8 /* QuartzCore.framework in Frameworks */ = {isa = PBXBuildFile; fileRef = 0750DE6117963905001DD5E8 /* QuartzCore.framework */; };
		0750DE6517963A04001DD5E8 /* SelectionCell.m in Sources */ = {isa = PBXBuildFile; fileRef = 0750DE6417963A04001DD5E8 /* SelectionCell.m */; };
		0750DE6717963A26001DD5E8 /* SelectionCell.xib in Resources */ = {isa = PBXBuildFile; fileRef = 0750DE6617963A25001DD5E8 /* SelectionCell.xib */; };
		0750DE6917963D49001DD5E8 /* dropup.png in Resources */ = {isa = PBXBuildFile; fileRef = 0750DE6817963D49001DD5E8 /* dropup.png */; };
		D37BE30E1C0ECF85001B5541 /* TableViewWithBlock.m in Sources */ = {isa = PBXBuildFile; fileRef = D37BE3091C0ECF85001B5541 /* TableViewWithBlock.m */; };
		D37BE30F1C0ECF85001B5541 /* UITableView+DataSourceBlocks.m in Sources */ = {isa = PBXBuildFile; fileRef = D37BE30B1C0ECF85001B5541 /* UITableView+DataSourceBlocks.m */; };
		D37BE3101C0ECF85001B5541 /* UITableView+DelegateBlocks.m in Sources */ = {isa = PBXBuildFile; fileRef = D37BE30D1C0ECF85001B5541 /* UITableView+DelegateBlocks.m */; };
/* End PBXBuildFile section */

/* Begin PBXFileReference section */
		0750DE3417961F88001DD5E8 /* ComboBox.app */ = {isa = PBXFileReference; explicitFileType = wrapper.application; includeInIndex = 0; path = ComboBox.app; sourceTree = BUILT_PRODUCTS_DIR; };
		0750DE3717961F88001DD5E8 /* UIKit.framework */ = {isa = PBXFileReference; lastKnownFileType = wrapper.framework; name = UIKit.framework; path = System/Library/Frameworks/UIKit.framework; sourceTree = SDKROOT; };
		0750DE3917961F88001DD5E8 /* Foundation.framework */ = {isa = PBXFileReference; lastKnownFileType = wrapper.framework; name = Foundation.framework; path = System/Library/Frameworks/Foundation.framework; sourceTree = SDKROOT; };
		0750DE3B17961F88001DD5E8 /* CoreGraphics.framework */ = {isa = PBXFileReference; lastKnownFileType = wrapper.framework; name = CoreGraphics.framework; path = System/Library/Frameworks/CoreGraphics.framework; sourceTree = SDKROOT; };
		0750DE3F17961F88001DD5E8 /* ComboBox-Info.plist */ = {isa = PBXFileReference; lastKnownFileType = text.plist.xml; path = "ComboBox-Info.plist"; sourceTree = "<group>"; };
		0750DE4117961F88001DD5E8 /* en */ = {isa = PBXFileReference; lastKnownFileType = text.plist.strings; name = en; path = en.lproj/InfoPlist.strings; sourceTree = "<group>"; };
		0750DE4317961F88001DD5E8 /* main.m */ = {isa = PBXFileReference; lastKnownFileType = sourcecode.c.objc; path = main.m; sourceTree = "<group>"; };
		0750DE4517961F88001DD5E8 /* ComboBox-Prefix.pch */ = {isa = PBXFileReference; lastKnownFileType = sourcecode.c.h; path = "ComboBox-Prefix.pch"; sourceTree = "<group>"; };
		0750DE4617961F88001DD5E8 /* AppDelegate.h */ = {isa = PBXFileReference; lastKnownFileType = sourcecode.c.h; path = AppDelegate.h; sourceTree = "<group>"; };
		0750DE4717961F88001DD5E8 /* AppDelegate.m */ = {isa = PBXFileReference; lastKnownFileType = sourcecode.c.objc; path = AppDelegate.m; sourceTree = "<group>"; };
		0750DE4917961F88001DD5E8 /* Default.png */ = {isa = PBXFileReference; lastKnownFileType = image.png; path = Default.png; sourceTree = "<group>"; };
		0750DE4B17961F88001DD5E8 /* Default@2x.png */ = {isa = PBXFileReference; lastKnownFileType = image.png; path = "Default@2x.png"; sourceTree = "<group>"; };
		0750DE4D17961F88001DD5E8 /* Default-568h@2x.png */ = {isa = PBXFileReference; lastKnownFileType = image.png; path = "Default-568h@2x.png"; sourceTree = "<group>"; };
		0750DE5417961FB7001DD5E8 /* MainViewController.h */ = {isa = PBXFileReference; fileEncoding = 4; lastKnownFileType = sourcecode.c.h; path = MainViewController.h; sourceTree = "<group>"; };
		0750DE5517961FB7001DD5E8 /* MainViewController.m */ = {isa = PBXFileReference; fileEncoding = 4; lastKnownFileType = sourcecode.c.objc; path = MainViewController.m; sourceTree = "<group>"; };
		0750DE5617961FB7001DD5E8 /* MainViewController.xib */ = {isa = PBXFileReference; fileEncoding = 4; lastKnownFileType = file.xib; path = MainViewController.xib; sourceTree = "<group>"; };
		0750DE5F179626A5001DD5E8 /* dropdown.png */ = {isa = PBXFileReference; lastKnownFileType = image.png; path = dropdown.png; sourceTree = "<group>"; };
		0750DE6117963905001DD5E8 /* QuartzCore.framework */ = {isa = PBXFileReference; lastKnownFileType = wrapper.framework; name = QuartzCore.framework; path = System/Library/Frameworks/QuartzCore.framework; sourceTree = SDKROOT; };
		0750DE6317963A04001DD5E8 /* SelectionCell.h */ = {isa = PBXFileReference; fileEncoding = 4; lastKnownFileType = sourcecode.c.h; path = SelectionCell.h; sourceTree = "<group>"; };
		0750DE6417963A04001DD5E8 /* SelectionCell.m */ = {isa = PBXFileReference; fileEncoding = 4; lastKnownFileType = sourcecode.c.objc; path = SelectionCell.m; sourceTree = "<group>"; };
		0750DE6617963A25001DD5E8 /* SelectionCell.xib */ = {isa = PBXFileReference; fileEncoding = 4; lastKnownFileType = file.xib; path = SelectionCell.xib; sourceTree = "<group>"; };
		0750DE6817963D49001DD5E8 /* dropup.png */ = {isa = PBXFileReference; lastKnownFileType = image.png; path = dropup.png; sourceTree = "<group>"; };
		D37BE3081C0ECF85001B5541 /* TableViewWithBlock.h */ = {isa = PBXFileReference; fileEncoding = 4; lastKnownFileType = sourcecode.c.h; path = TableViewWithBlock.h; sourceTree = "<group>"; };
		D37BE3091C0ECF85001B5541 /* TableViewWithBlock.m */ = {isa = PBXFileReference; fileEncoding = 4; lastKnownFileType = sourcecode.c.objc; path = TableViewWithBlock.m; sourceTree = "<group>"; };
		D37BE30A1C0ECF85001B5541 /* UITableView+DataSourceBlocks.h */ = {isa = PBXFileReference; fileEncoding = 4; lastKnownFileType = sourcecode.c.h; path = "UITableView+DataSourceBlocks.h"; sourceTree = "<group>"; };
		D37BE30B1C0ECF85001B5541 /* UITableView+DataSourceBlocks.m */ = {isa = PBXFileReference; fileEncoding = 4; lastKnownFileType = sourcecode.c.objc; path = "UITableView+DataSourceBlocks.m"; sourceTree = "<group>"; };
		D37BE30C1C0ECF85001B5541 /* UITableView+DelegateBlocks.h */ = {isa = PBXFileReference; fileEncoding = 4; lastKnownFileType = sourcecode.c.h; path = "UITableView+DelegateBlocks.h"; sourceTree = "<group>"; };
		D37BE30D1C0ECF85001B5541 /* UITableView+DelegateBlocks.m */ = {isa = PBXFileReference; fileEncoding = 4; lastKnownFileType = sourcecode.c.objc; path = "UITableView+DelegateBlocks.m"; sourceTree = "<group>"; };
/* End PBXFileReference section */

/* Begin PBXFrameworksBuildPhase section */
		0750DE3117961F88001DD5E8 /* Frameworks */ = {
			isa = PBXFrameworksBuildPhase;
			buildActionMask = 2147483647;
			files = (
				0750DE6217963905001DD5E8 /* QuartzCore.framework in Frameworks */,
				0750DE3817961F88001DD5E8 /* UIKit.framework in Frameworks */,
				0750DE3A17961F88001DD5E8 /* Foundation.framework in Frameworks */,
				0750DE3C17961F88001DD5E8 /* CoreGraphics.framework in Frameworks */,
			);
			runOnlyForDeploymentPostprocessing = 0;
		};
/* End PBXFrameworksBuildPhase section */

/* Begin PBXGroup section */
		0750DE2B17961F88001DD5E8 = {
			isa = PBXGroup;
			children = (
				D37BE3071C0ECF85001B5541 /* ComboBoxClass */,
				0750DE3D17961F88001DD5E8 /* ComboBox */,
				0750DE3617961F88001DD5E8 /* Frameworks */,
				0750DE3517961F88001DD5E8 /* Products */,
			);
			sourceTree = "<group>";
		};
		0750DE3517961F88001DD5E8 /* Products */ = {
			isa = PBXGroup;
			children = (
				0750DE3417961F88001DD5E8 /* ComboBox.app */,
			);
			name = Products;
			sourceTree = "<group>";
		};
		0750DE3617961F88001DD5E8 /* Frameworks */ = {
			isa = PBXGroup;
			children = (
				0750DE6117963905001DD5E8 /* QuartzCore.framework */,
				0750DE3717961F88001DD5E8 /* UIKit.framework */,
				0750DE3917961F88001DD5E8 /* Foundation.framework */,
				0750DE3B17961F88001DD5E8 /* CoreGraphics.framework */,
			);
			name = Frameworks;
			sourceTree = "<group>";
		};
		0750DE3D17961F88001DD5E8 /* ComboBox */ = {
			isa = PBXGroup;
			children = (
				0750DE4617961F88001DD5E8 /* AppDelegate.h */,
				0750DE4717961F88001DD5E8 /* AppDelegate.m */,
				0750DE5417961FB7001DD5E8 /* MainViewController.h */,
				0750DE5517961FB7001DD5E8 /* MainViewController.m */,
				0750DE5617961FB7001DD5E8 /* MainViewController.xib */,
				0750DE6317963A04001DD5E8 /* SelectionCell.h */,
				0750DE6417963A04001DD5E8 /* SelectionCell.m */,
				0750DE6617963A25001DD5E8 /* SelectionCell.xib */,
				0750DE3E17961F88001DD5E8 /* Supporting Files */,
			);
			path = ComboBox;
			sourceTree = "<group>";
		};
		0750DE3E17961F88001DD5E8 /* Supporting Files */ = {
			isa = PBXGroup;
			children = (
				0750DE6817963D49001DD5E8 /* dropup.png */,
				0750DE5F179626A5001DD5E8 /* dropdown.png */,
				0750DE3F17961F88001DD5E8 /* ComboBox-Info.plist */,
				0750DE4017961F88001DD5E8 /* InfoPlist.strings */,
				0750DE4317961F88001DD5E8 /* main.m */,
				0750DE4517961F88001DD5E8 /* ComboBox-Prefix.pch */,
				0750DE4917961F88001DD5E8 /* Default.png */,
				0750DE4B17961F88001DD5E8 /* Default@2x.png */,
				0750DE4D17961F88001DD5E8 /* Default-568h@2x.png */,
			);
			name = "Supporting Files";
			sourceTree = "<group>";
		};
		D37BE3071C0ECF85001B5541 /* ComboBoxClass */ = {
			isa = PBXGroup;
			children = (
				D37BE3081C0ECF85001B5541 /* TableViewWithBlock.h */,
				D37BE3091C0ECF85001B5541 /* TableViewWithBlock.m */,
				D37BE30A1C0ECF85001B5541 /* UITableView+DataSourceBlocks.h */,
				D37BE30B1C0ECF85001B5541 /* UITableView+DataSourceBlocks.m */,
				D37BE30C1C0ECF85001B5541 /* UITableView+DelegateBlocks.h */,
				D37BE30D1C0ECF85001B5541 /* UITableView+DelegateBlocks.m */,
			);
			path = ComboBoxClass;
			sourceTree = "<group>";
		};
/* End PBXGroup section */

/* Begin PBXNativeTarget section */
		0750DE3317961F88001DD5E8 /* ComboBox */ = {
			isa = PBXNativeTarget;
			buildConfigurationList = 0750DE5117961F88001DD5E8 /* Build configuration list for PBXNativeTarget "ComboBox" */;
			buildPhases = (
				0750DE3017961F88001DD5E8 /* Sources */,
				0750DE3117961F88001DD5E8 /* Frameworks */,
				0750DE3217961F88001DD5E8 /* Resources */,
			);
			buildRules = (
			);
			dependencies = (
			);
			name = ComboBox;
			productName = ComboBox;
			productReference = 0750DE3417961F88001DD5E8 /* ComboBox.app */;
			productType = "com.apple.product-type.application";
		};
/* End PBXNativeTarget section */

/* Begin PBXProject section */
		0750DE2C17961F88001DD5E8 /* Project object */ = {
			isa = PBXProject;
			attributes = {
				LastUpgradeCheck = 0460;
				ORGANIZATIONNAME = "Eric Che";
			};
			buildConfigurationList = 0750DE2F17961F88001DD5E8 /* Build configuration list for PBXProject "ComboBox" */;
			compatibilityVersion = "Xcode 3.2";
			developmentRegion = English;
			hasScannedForEncodings = 0;
			knownRegions = (
				en,
			);
			mainGroup = 0750DE2B17961F88001DD5E8;
			productRefGroup = 0750DE3517961F88001DD5E8 /* Products */;
			projectDirPath = "";
			projectRoot = "";
			targets = (
				0750DE3317961F88001DD5E8 /* ComboBox */,
			);
		};
/* End PBXProject section */

/* Begin PBXResourcesBuildPhase section */
		0750DE3217961F88001DD5E8 /* Resources */ = {
			isa = PBXResourcesBuildPhase;
			buildActionMask = 2147483647;
			files = (
				0750DE4217961F88001DD5E8 /* InfoPlist.strings in Resources */,
				0750DE4A17961F88001DD5E8 /* Default.png in Resources */,
				0750DE4C17961F88001DD5E8 /* Default@2x.png in Resources */,
				0750DE4E17961F88001DD5E8 /* Default-568h@2x.png in Resources */,
				0750DE5817961FB7001DD5E8 /* MainViewController.xib in Resources */,
				0750DE60179626A5001DD5E8 /* dropdown.png in Resources */,
				0750DE6717963A26001DD5E8 /* SelectionCell.xib in Resources */,
				0750DE6917963D49001DD5E8 /* dropup.png in Resources */,
			);
			runOnlyForDeploymentPostprocessing = 0;
		};
/* End PBXResourcesBuildPhase section */

/* Begin PBXSourcesBuildPhase section */
		0750DE3017961F88001DD5E8 /* Sources */ = {
			isa = PBXSourcesBuildPhase;
			buildActionMask = 2147483647;
			files = (
				D37BE3101C0ECF85001B5541 /* UITableView+DelegateBlocks.m in Sources */,
				D37BE30F1C0ECF85001B5541 /* UITableView+DataSourceBlocks.m in Sources */,
				D37BE30E1C0ECF85001B5541 /* TableViewWithBlock.m in Sources */,
				0750DE4417961F88001DD5E8 /* main.m in Sources */,
				0750DE4817961F88001DD5E8 /* AppDelegate.m in Sources */,
				0750DE5717961FB7001DD5E8 /* MainViewController.m in Sources */,
				0750DE6517963A04001DD5E8 /* SelectionCell.m in Sources */,
			);
			runOnlyForDeploymentPostprocessing = 0;
		};
/* End PBXSourcesBuildPhase section */

/* Begin PBXVariantGroup section */
		0750DE4017961F88001DD5E8 /* InfoPlist.strings */ = {
			isa = PBXVariantGroup;
			children = (
				0750DE4117961F88001DD5E8 /* en */,
			);
			name = InfoPlist.strings;
			sourceTree = "<group>";
		};
/* End PBXVariantGroup section */

/* Begin XCBuildConfiguration section */
		0750DE4F17961F88001DD5E8 /* Debug */ = {
			isa = XCBuildConfiguration;
			buildSettings = {
				ALWAYS_SEARCH_USER_PATHS = NO;
				CLANG_CXX_LANGUAGE_STANDARD = "gnu++0x";
				CLANG_CXX_LIBRARY = "libc++";
				CLANG_WARN_CONSTANT_CONVERSION = YES;
				CLANG_WARN_EMPTY_BODY = YES;
				CLANG_WARN_ENUM_CONVERSION = YES;
				CLANG_WARN_INT_CONVERSION = YES;
				CLANG_WARN__DUPLICATE_METHOD_MATCH = YES;
				"CODE_SIGN_IDENTITY[sdk=iphoneos*]" = "iPhone Developer";
				COPY_PHASE_STRIP = NO;
				GCC_C_LANGUAGE_STANDARD = gnu99;
				GCC_DYNAMIC_NO_PIC = NO;
				GCC_OPTIMIZATION_LEVEL = 0;
				GCC_PREPROCESSOR_DEFINITIONS = (
					"DEBUG=1",
					"$(inherited)",
				);
				GCC_SYMBOLS_PRIVATE_EXTERN = NO;
				GCC_WARN_ABOUT_RETURN_TYPE = YES;
				GCC_WARN_UNINITIALIZED_AUTOS = YES;
				GCC_WARN_UNUSED_VARIABLE = YES;
				IPHONEOS_DEPLOYMENT_TARGET = 6.1;
				ONLY_ACTIVE_ARCH = YES;
				SDKROOT = iphoneos;
			};
			name = Debug;
		};
		0750DE5017961F88001DD5E8 /* Release */ = {
			isa = XCBuildConfiguration;
			buildSettings = {
				ALWAYS_SEARCH_USER_PATHS = NO;
				CLANG_CXX_LANGUAGE_STANDARD = "gnu++0x";
				CLANG_CXX_LIBRARY = "libc++";
				CLANG_WARN_CONSTANT_CONVERSION = YES;
				CLANG_WARN_EMPTY_BODY = YES;
				CLANG_WARN_ENUM_CONVERSION = YES;
				CLANG_WARN_INT_CONVERSION = YES;
				CLANG_WARN__DUPLICATE_METHOD_MATCH = YES;
				"CODE_SIGN_IDENTITY[sdk=iphoneos*]" = "iPhone Developer";
				COPY_PHASE_STRIP = YES;
				GCC_C_LANGUAGE_STANDARD = gnu99;
				GCC_WARN_ABOUT_RETURN_TYPE = YES;
				GCC_WARN_UNINITIALIZED_AUTOS = YES;
				GCC_WARN_UNUSED_VARIABLE = YES;
				IPHONEOS_DEPLOYMENT_TARGET = 6.1;
				OTHER_CFLAGS = "-DNS_BLOCK_ASSERTIONS=1";
				SDKROOT = iphoneos;
				VALIDATE_PRODUCT = YES;
			};
			name = Release;
		};
		0750DE5217961F88001DD5E8 /* Debug */ = {
			isa = XCBuildConfiguration;
			buildSettings = {
				CLANG_ENABLE_OBJC_ARC = YES;
				GCC_PRECOMPILE_PREFIX_HEADER = YES;
				GCC_PREFIX_HEADER = "ComboBox/ComboBox-Prefix.pch";
				INFOPLIST_FILE = "ComboBox/ComboBox-Info.plist";
				IPHONEOS_DEPLOYMENT_TARGET = 5.0;
				PRODUCT_NAME = "$(TARGET_NAME)";
				WRAPPER_EXTENSION = app;
			};
			name = Debug;
		};
		0750DE5317961F88001DD5E8 /* Release */ = {
			isa = XCBuildConfiguration;
			buildSettings = {
				CLANG_ENABLE_OBJC_ARC = YES;
				GCC_PRECOMPILE_PREFIX_HEADER = YES;
				GCC_PREFIX_HEADER = "ComboBox/ComboBox-Prefix.pch";
				INFOPLIST_FILE = "ComboBox/ComboBox-Info.plist";
				IPHONEOS_DEPLOYMENT_TARGET = 5.0;
				PRODUCT_NAME = "$(TARGET_NAME)";
				WRAPPER_EXTENSION = app;
			};
			name = Release;
		};
/* End XCBuildConfiguration section */

/* Begin XCConfigurationList section */
		0750DE2F17961F88001DD5E8 /* Build configuration list for PBXProject "ComboBox" */ = {
			isa = XCConfigurationList;
			buildConfigurations = (
				0750DE4F17961F88001DD5E8 /* Debug */,
				0750DE5017961F88001DD5E8 /* Release */,
			);
			defaultConfigurationIsVisible = 0;
			defaultConfigurationName = Release;
		};
		0750DE5117961F88001DD5E8 /* Build configuration list for PBXNativeTarget "ComboBox" */ = {
			isa = XCConfigurationList;
			buildConfigurations = (
				0750DE5217961F88001DD5E8 /* Debug */,
				0750DE5317961F88001DD5E8 /* Release */,
			);
			defaultConfigurationIsVisible = 0;
			defaultConfigurationName = Release;
		};
/* End XCConfigurationList section */
	};
	rootObject = 0750DE2C17961F88001DD5E8 /* Project object */;
}
